
Microsoft Visual Studio Solution File, Format Version 12.00
# Visual Studio Version 17
VisualStudioVersion = 17.12.35707.178 d17.12
MinimumVisualStudioVersion = 10.0.40219.1
Project("{FAE04EC0-301F-11D3-BF4B-00C04F79EFBC}") = "GadgetHub.Domain", "GadgetHub.Domain\GadgetHub.Domain.csproj", "{80A67C5C-46AF-41F9-AAA4-AF5ED7F1478F}"
EndProject
Project("{FAE04EC0-301F-11D3-BF4B-00C04F79EFBC}") = "GadgetHub.WebUI", "GadgetHub.WebUI\GadgetHub.WebUI.csproj", "{A89B05F6-B754-4A67-B646-ED3A620ECAFD}"
EndProject
Global
	GlobalSection(SolutionConfigurationPlatforms) = preSolution
		Debug|Any CPU = Debug|Any CPU
		Release|Any CPU = Release|Any CPU
	EndGlobalSection
	GlobalSection(ProjectConfigurationPlatforms) = postSolution
		{80A67C5C-46AF-41F9-AAA4-AF5ED7F1478F}.Debug|Any CPU.ActiveCfg = Debug|Any CPU
		{80A67C5C-46AF-41F9-AAA4-AF5ED7F1478F}.Debug|Any CPU.Build.0 = Debug|Any CPU
		{80A67C5C-46AF-41F9-AAA4-AF5ED7F1478F}.Release|Any CPU.ActiveCfg = Release|Any CPU
		{80A67C5C-46AF-41F9-AAA4-AF5ED7F1478F}.Release|Any CPU.Build.0 = Release|Any CPU
		{A89B05F6-B754-4A67-B646-ED3A620ECAFD}.Debug|Any CPU.ActiveCfg = Debug|Any CPU
		{A89B05F6-B754-4A67-B646-ED3A620ECAFD}.Debug|Any CPU.Build.0 = Debug|Any CPU
		{A89B05F6-B754-4A67-B646-ED3A620ECAFD}.Release|Any CPU.ActiveCfg = Release|Any CPU
		{A89B05F6-B754-4A67-B646-ED3A620ECAFD}.Release|Any CPU.Build.0 = Release|Any CPU
	EndGlobalSection
	GlobalSection(SolutionProperties) = preSolution
		HideSolutionNode = FALSE
	EndGlobalSection
EndGlobal
